github.com/pauljubcse/algorithm v0.0.0-20240702155544-24be84f55113 h1:v7wJerzlo1ip3CqP1cAX8vkPbJGHpaDX24Nh1FU7gfk=
github.com/pauljubcse/algorithm v0.0.0-20240702155544-24be84f55113/go.mod h1:JzdPjX1qhczpOim7pEgxNgaAjCk3rXUfzqEAZk2N+CU=
github.com/pauljubcse/algorithm v0.0.0-20240704192720-7caf0b488fb7 h1:+0EMyq9MnJPTieQpmVAXZnBNfxQYcuf/tTsRV0kUcVY=
github.com/pauljubcse/algorithm v0.0.0-20240704192720-7caf0b488fb7/go.mod h1:JzdPjX1qhczpOim7pEgxNgaAjCk3rXUfzqEAZk2N+CU=
